// !$*UTF8*$!
{
	archiveVersion = 1;
	classes = {
	};
	objectVersion = 50;
	objects = {

/* Begin PBXBuildFile section */
		0DAB66E7257EE6ED00CFA95F /* AppDelegate.swift in Sources */ = {isa = PBXBuildFile; fileRef = 0DAB66E6257EE6ED00CFA95F /* AppDelegate.swift */; };
		0DAB66E9257EE6ED00CFA95F /* SceneDelegate.swift in Sources */ = {isa = PBXBuildFile; fileRef = 0DAB66E8257EE6ED00CFA95F /* SceneDelegate.swift */; };
		0DAB66EB257EE6ED00CFA95F /* ViewController.swift in Sources */ = {isa = PBXBuildFile; fileRef = 0DAB66EA257EE6ED00CFA95F /* ViewController.swift */; };
		0DAB66EE257EE6ED00CFA95F /* Main.storyboard in Resources */ = {isa = PBXBuildFile; fileRef = 0DAB66EC257EE6ED00CFA95F /* Main.storyboard */; };
		0DAB66F0257EE6EF00CFA95F /* Assets.xcassets in Resources */ = {isa = PBXBuildFile; fileRef = 0DAB66EF257EE6EF00CFA95F /* Assets.xcassets */; };
		0DAB66F3257EE6EF00CFA95F /* LaunchScreen.storyboard in Resources */ = {isa = PBXBuildFile; fileRef = 0DAB66F1257EE6EF00CFA95F /* LaunchScreen.storyboard */; };
/* End PBXBuildFile section */

/* Begin PBXFileReference section */
		0DAB66E3257EE6ED00CFA95F /* Goliath National Bank.app */ = {isa = PBXFileReference; explicitFileType = wrapper.application; includeInIndex = 0; path = "Goliath National Bank.app"; sourceTree = BUILT_PRODUCTS_DIR; };
		0DAB66E6257EE6ED00CFA95F /* AppDelegate.swift */ = {isa = PBXFileReference; lastKnownFileType = sourcecode.swift; path = AppDelegate.swift; sourceTree = "<group>"; };
		0DAB66E8257EE6ED00CFA95F /* SceneDelegate.swift */ = {isa = PBXFileReference; lastKnownFileType = sourcecode.swift; path = SceneDelegate.swift; sourceTree = "<group>"; };
		0DAB66EA257EE6ED00CFA95F /* ViewController.swift */ = {isa = PBXFileReference; lastKnownFileType = sourcecode.swift; path = ViewController.swift; sourceTree = "<group>"; };
		0DAB66ED257EE6ED00CFA95F /* Base */ = {isa = PBXFileReference; lastKnownFileType = file.storyboard; name = Base; path = Base.lproj/Main.storyboard; sourceTree = "<group>"; };
		0DAB66EF257EE6EF00CFA95F /* Assets.xcassets */ = {isa = PBXFileReference; lastKnownFileType = folder.assetcatalog; path = Assets.xcassets; sourceTree = "<group>"; };
		0DAB66F2257EE6EF00CFA95F /* Base */ = {isa = PBXFileReference; lastKnownFileType = file.storyboard; name = Base; path = Base.lproj/LaunchScreen.storyboard; sourceTree = "<group>"; };
		0DAB66F4257EE6EF00CFA95F /* Info.plist */ = {isa = PBXFileReference; lastKnownFileType = text.plist.xml; path = Info.plist; sourceTree = "<group>"; };
/* End PBXFileReference section */

/* Begin PBXFrameworksBuildPhase section */
		0DAB66E0257EE6ED00CFA95F /* Frameworks */ = {
			isa = PBXFrameworksBuildPhase;
			buildActionMask = 2147483647;
			files = (
			);
			runOnlyForDeploymentPostprocessing = 0;
		};
/* End PBXFrameworksBuildPhase section */

/* Begin PBXGroup section */
		0DAB66DA257EE6ED00CFA95F = {
			isa = PBXGroup;
			children = (
				0DAB66E5257EE6ED00CFA95F /* Goliath National Bank */,
				0DAB66E4257EE6ED00CFA95F /* Products */,
			);
			sourceTree = "<group>";
		};
		0DAB66E4257EE6ED00CFA95F /* Products */ = {
			isa = PBXGroup;
			children = (
				0DAB66E3257EE6ED00CFA95F /* Goliath National Bank.app */,
			);
			name = Products;
			sourceTree = "<group>";
		};
		0DAB66E5257EE6ED00CFA95F /* Goliath National Bank */ = {
			isa = PBXGroup;
			children = (
				0DAB66E6257EE6ED00CFA95F /* AppDelegate.swift */,
				0DAB66E8257EE6ED00CFA95F /* SceneDelegate.swift */,
				0DAB66EA257EE6ED00CFA95F /* ViewController.swift */,
				0DAB66EC257EE6ED00CFA95F /* Main.storyboard */,
				0DAB66EF257EE6EF00CFA95F /* Assets.xcassets */,
				0DAB66F1257EE6EF00CFA95F /* LaunchScreen.storyboard */,
				0DAB66F4257EE6EF00CFA95F /* Info.plist */,
			);
			path = "Goliath National Bank";
			sourceTree = "<group>";
		};
/* End PBXGroup section */

/* Begin PBXNativeTarget section */
		0DAB66E2257EE6ED00CFA95F /* Goliath National Bank */ = {
			isa = PBXNativeTarget;
			buildConfigurationList = 0DAB66F7257EE6EF00CFA95F /* Build configuration list for PBXNativeTarget "Goliath National Bank" */;
			buildPhases = (
				0DAB66DF257EE6ED00CFA95F /* Sources */,
				0DAB66E0257EE6ED00CFA95F /* Frameworks */,
				0DAB66E1257EE6ED00CFA95F /* Resources */,
			);
			buildRules = (
			);
			dependencies = (
			);
			name = "Goliath National Bank";
			productName = "Goliath National Bank";
			productReference = 0DAB66E3257EE6ED00CFA95F /* Goliath National Bank.app */;
			productType = "com.apple.product-type.application";
		};
/* End PBXNativeTarget section */

/* Begin PBXProject section */
		0DAB66DB257EE6ED00CFA95F /* Project object */ = {
			isa = PBXProject;
			attributes = {
				LastSwiftUpdateCheck = 1220;
				LastUpgradeCheck = 1220;
				TargetAttributes = {
					0DAB66E2257EE6ED00CFA95F = {
						CreatedOnToolsVersion = 12.2;
					};
				};
			};
			buildConfigurationList = 0DAB66DE257EE6ED00CFA95F /* Build configuration list for PBXProject "Goliath National Bank" */;
			compatibilityVersion = "Xcode 9.3";
			developmentRegion = en;
			hasScannedForEncodings = 0;
			knownRegions = (
				en,
				Base,
			);
			mainGroup = 0DAB66DA257EE6ED00CFA95F;
			productRefGroup = 0DAB66E4257EE6ED00CFA95F /* Products */;
			projectDirPath = "";
			projectRoot = "";
			targets = (
				0DAB66E2257EE6ED00CFA95F /* Goliath National Bank */,
			);
		};
/* End PBXProject section */

/* Begin PBXResourcesBuildPhase section */
		0DAB66E1257EE6ED00CFA95F /* Resources */ = {
			isa = PBXResourcesBuildPhase;
			buildActionMask = 2147483647;
			files = (
				0DAB66F3257EE6EF00CFA95F /* LaunchScreen.storyboard in Resources */,
				0DAB66F0257EE6EF00CFA95F /* Assets.xcassets in Resources */,
				0DAB66EE257EE6ED00CFA95F /* Main.storyboard in Resources */,
			);
			runOnlyForDeploymentPostprocessing = 0;
		};
/* End PBXResourcesBuildPhase section */

/* Begin PBXSourcesBuildPhase section */
		0DAB66DF257EE6ED00CFA95F /* Sources */ = {
			isa = PBXSourcesBuildPhase;
			buildActionMask = 2147483647;
			files = (
				0DAB66EB257EE6ED00CFA95F /* ViewController.swift in Sources */,
				0DAB66E7257EE6ED00CFA95F /* AppDelegate.swift in Sources */,
				0DAB66E9257EE6ED00CFA95F /* SceneDelegate.swift in Sources */,
			);
			runOnlyForDeploymentPostprocessing = 0;
		};
/* End PBXSourcesBuildPhase section */

/* Begin PBXVariantGroup section */
		0DAB66EC257EE6ED00CFA95F /* Main.storyboard */ = {
			isa = PBXVariantGroup;
			children = (
				0DAB66ED257EE6ED00CFA95F /* Base */,
			);
			name = Main.storyboard;
			sourceTree = "<group>";
		};
		0DAB66F1257EE6EF00CFA95F /* LaunchScreen.storyboard */ = {
			isa = PBXVariantGroup;
			children = (
				0DAB66F2257EE6EF00CFA95F /* Base */,
			);
			name = LaunchScreen.storyboard;
			sourceTree = "<group>";
		};
/* End PBXVariantGroup section */

/* Begin XCBuildConfiguration section */
		0DAB66F5257EE6EF00CFA95F /* Debug */ = {
			isa = XCBuildConfiguration;
			buildSettings = {
				ALWAYS_SEARCH_USER_PATHS = NO;
				CLANG_ANALYZER_NONNULL = YES;
				CLANG_ANALYZER_NUMBER_OBJECT_CONVERSION = YES_AGGRESSIVE;
				CLANG_CXX_LANGUAGE_STANDARD = "gnu++14";
				CLANG_CXX_LIBRARY = "libc++";
				CLANG_ENABLE_MODULES = YES;
				CLANG_ENABLE_OBJC_ARC = YES;
				CLANG_ENABLE_OBJC_WEAK = YES;
				CLANG_WARN_BLOCK_CAPTURE_AUTORELEASING = YES;
				CLANG_WARN_BOOL_CONVERSION = YES;
				CLANG_WARN_COMMA = YES;
				CLANG_WARN_CONSTANT_CONVERSION = YES;
				CLANG_WARN_DEPRECATED_OBJC_IMPLEMENTATIONS = YES;
				CLANG_WARN_DIRECT_OBJC_ISA_USAGE = YES_ERROR;
				CLANG_WARN_DOCUMENTATION_COMMENTS = YES;
				CLANG_WARN_EMPTY_BODY = YES;
				CLANG_WARN_ENUM_CONVERSION = YES;
				CLANG_WARN_INFINITE_RECURSION = YES;
				CLANG_WARN_INT_CONVERSION = YES;
				CLANG_WARN_NON_LITERAL_NULL_CONVERSION = YES;
				CLANG_WARN_OBJC_IMPLICIT_RETAIN_SELF = YES;
				CLANG_WARN_OBJC_LITERAL_CONVERSION = YES;
				CLANG_WARN_OBJC_ROOT_CLASS = YES_ERROR;
				CLANG_WARN_QUOTED_INCLUDE_IN_FRAMEWORK_HEADER = YES;
				CLANG_WARN_RANGE_LOOP_ANALYSIS = YES;
				CLANG_WARN_STRICT_PROTOTYPES = YES;
				CLANG_WARN_SUSPICIOUS_MOVE = YES;
				CLANG_WARN_UNGUARDED_AVAILABILITY = YES_AGGRESSIVE;
				CLANG_WARN_UNREACHABLE_CODE = YES;
				CLANG_WARN__DUPLICATE_METHOD_MATCH = YES;
				COPY_PHASE_STRIP = NO;
				DEBUG_INFORMATION_FORMAT = dwarf;
				ENABLE_STRICT_OBJC_MSGSEND = YES;
				ENABLE_TESTABILITY = YES;
				GCC_C_LANGUAGE_STANDARD = gnu11;
				GCC_DYNAMIC_NO_PIC = NO;
				GCC_NO_COMMON_BLOCKS = YES;
				GCC_OPTIMIZATION_LEVEL = 0;
				GCC_PREPROCESSOR_DEFINITIONS = (
					"DEBUG=1",
					"$(inherited)",
				);
				GCC_WARN_64_TO_32_BIT_CONVERSION = YES;
				GCC_WARN_ABOUT_RETURN_TYPE = YES_ERROR;
				GCC_WARN_UNDECLARED_SELECTOR = YES;
				GCC_WARN_UNINITIALIZED_AUTOS = YES_AGGRESSIVE;
				GCC_WARN_UNUSED_FUNCTION = YES;
				GCC_WARN_UNUSED_VARIABLE = YES;
				IPHONEOS_DEPLOYMENT_TARGET = 14.2;
				MTL_ENABLE_DEBUG_INFO = INCLUDE_SOURCE;
				MTL_FAST_MATH = YES;
				ONLY_ACTIVE_ARCH = YES;
				SDKROOT = iphoneos;
				SWIFT_ACTIVE_COMPILATION_CONDITIONS = DEBUG;
				SWIFT_OPTIMIZATION_LEVEL = "-Onone";
			};
			name = Debug;
		};
		0DAB66F6257EE6EF00CFA95F /* Release */ = {
			isa = XCBuildConfiguration;
			buildSettings = {
				ALWAYS_SEARCH_USER_PATHS = NO;
				CLANG_ANALYZER_NONNULL = YES;
				CLANG_ANALYZER_NUMBER_OBJECT_CONVERSION = YES_AGGRESSIVE;
				CLANG_CXX_LANGUAGE_STANDARD = "gnu++14";
				CLANG_CXX_LIBRARY = "libc++";
				CLANG_ENABLE_MODULES = YES;
				CLANG_ENABLE_OBJC_ARC = YES;
				CLANG_ENABLE_OBJC_WEAK = YES;
				CLANG_WARN_BLOCK_CAPTURE_AUTORELEASING = YES;
				CLANG_WARN_BOOL_CONVERSION = YES;
				CLANG_WARN_COMMA = YES;
				CLANG_WARN_CONSTANT_CONVERSION = YES;
				CLANG_WARN_DEPRECATED_OBJC_IMPLEMENTATIONS = YES;
				CLANG_WARN_DIRECT_OBJC_ISA_USAGE = YES_ERROR;
				CLANG_WARN_DOCUMENTATION_COMMENTS = YES;
				CLANG_WARN_EMPTY_BODY = YES;
				CLANG_WARN_ENUM_CONVERSION = YES;
				CLANG_WARN_INFINITE_RECURSION = YES;
				CLANG_WARN_INT_CONVERSION = YES;
				CLANG_WARN_NON_LITERAL_NULL_CONVERSION = YES;
				CLANG_WARN_OBJC_IMPLICIT_RETAIN_SELF = YES;
				CLANG_WARN_OBJC_LITERAL_CONVERSION = YES;
				CLANG_WARN_OBJC_ROOT_CLASS = YES_ERROR;
				CLANG_WARN_QUOTED_INCLUDE_IN_FRAMEWORK_HEADER = YES;
				CLANG_WARN_RANGE_LOOP_ANALYSIS = YES;
				CLANG_WARN_STRICT_PROTOTYPES = YES;
				CLANG_WARN_SUSPICIOUS_MOVE = YES;
				CLANG_WARN_UNGUARDED_AVAILABILITY = YES_AGGRESSIVE;
				CLANG_WARN_UNREACHABLE_CODE = YES;
				CLANG_WARN__DUPLICATE_METHOD_MATCH = YES;
				COPY_PHASE_STRIP = NO;
				DEBUG_INFORMATION_FORMAT = "dwarf-with-dsym";
				ENABLE_NS_ASSERTIONS = NO;
				ENABLE_STRICT_OBJC_MSGSEND = YES;
				GCC_C_LANGUAGE_STANDARD = gnu11;
				GCC_NO_COMMON_BLOCKS = YES;
				GCC_WARN_64_TO_32_BIT_CONVERSION = YES;
				GCC_WARN_ABOUT_RETURN_TYPE = YES_ERROR;
				GCC_WARN_UNDECLARED_SELECTOR = YES;
				GCC_WARN_UNINITIALIZED_AUTOS = YES_AGGRESSIVE;
				GCC_WARN_UNUSED_FUNCTION = YES;
				GCC_WARN_UNUSED_VARIABLE = YES;
				IPHONEOS_DEPLOYMENT_TARGET = 14.2;
				MTL_ENABLE_DEBUG_INFO = NO;
				MTL_FAST_MATH = YES;
				SDKROOT = iphoneos;
				SWIFT_COMPILATION_MODE = wholemodule;
				SWIFT_OPTIMIZATION_LEVEL = "-O";
				VALIDATE_PRODUCT = YES;
			};
			name = Release;
		};
		0DAB66F8257EE6EF00CFA95F /* Debug */ = {
			isa = XCBuildConfiguration;
			buildSettings = {
				ASSETCATALOG_COMPILER_APPICON_NAME = AppIcon;
				ASSETCATALOG_COMPILER_GLOBAL_ACCENT_COLOR_NAME = AccentColor;
				CODE_SIGN_STYLE = Automatic;
				DEVELOPMENT_TEAM = 3KF59NP775;
				INFOPLIST_FILE = "Goliath National Bank/Info.plist";
				LD_RUNPATH_SEARCH_PATHS = (
					"$(inherited)",
					"@executable_path/Frameworks",
				);
				PRODUCT_BUNDLE_IDENTIFIER = "com.JuanColilla.Goliath-National-Bank";
				PRODUCT_NAME = "$(TARGET_NAME)";
				SWIFT_VERSION = 5.0;
				TARGETED_DEVICE_FAMILY = "1,2";
			};
			name = Debug;
		};
		0DAB66F9257EE6EF00CFA95F /* Release */ = {
			isa = XCBuildConfiguration;
			buildSettings = {
				ASSETCATALOG_COMPILER_APPICON_NAME = AppIcon;
				ASSETCATALOG_COMPILER_GLOBAL_ACCENT_COLOR_NAME = AccentColor;
				CODE_SIGN_STYLE = Automatic;
				DEVELOPMENT_TEAM = 3KF59NP775;
				INFOPLIST_FILE = "Goliath National Bank/Info.plist";
				LD_RUNPATH_SEARCH_PATHS = (
					"$(inherited)",
					"@executable_path/Frameworks",
				);
				PRODUCT_BUNDLE_IDENTIFIER = "com.JuanColilla.Goliath-National-Bank";
				PRODUCT_NAME = "$(TARGET_NAME)";
				SWIFT_VERSION = 5.0;
				TARGETED_DEVICE_FAMILY = "1,2";
			};
			name = Release;
		};
/* End XCBuildConfiguration section */

/* Begin XCConfigurationList section */
		0DAB66DE257EE6ED00CFA95F /* Build configuration list for PBXProject "Goliath National Bank" */ = {
			isa = XCConfigurationList;
			buildConfigurations = (
				0DAB66F5257EE6EF00CFA95F /* Debug */,
				0DAB66F6257EE6EF00CFA95F /* Release */,
			);
			defaultConfigurationIsVisible = 0;
			defaultConfigurationName = Release;
		};
		0DAB66F7257EE6EF00CFA95F /* Build configuration list for PBXNativeTarget "Goliath National Bank" */ = {
			isa = XCConfigurationList;
			buildConfigurations = (
				0DAB66F8257EE6EF00CFA95F /* Debug */,
				0DAB66F9257EE6EF00CFA95F /* Release */,
			);
			defaultConfigurationIsVisible = 0;
			defaultConfigurationName = Release;
		};
/* End XCConfigurationList section */
	};
	rootObject = 0DAB66DB257EE6ED00CFA95F /* Project object */;
}
