// !$*UTF8*$!
{
	archiveVersion = 1;
	classes = {
	};
	objectVersion = 53;
	objects = {

/* Begin PBXBuildFile section */
		0D2CA508258673AD00F0E7A2 /* RequestTypeENUM.swift in Sources */ = {isa = PBXBuildFile; fileRef = 0D2CA507258673AD00F0E7A2 /* RequestTypeENUM.swift */; };
		0D2CA50B258673F500F0E7A2 /* CurrencyENUM.swift in Sources */ = {isa = PBXBuildFile; fileRef = 0D2CA50A258673F500F0E7A2 /* CurrencyENUM.swift */; };
		0D2CA50F2586838B00F0E7A2 /* NetworkMonitor.swift in Sources */ = {isa = PBXBuildFile; fileRef = 0D2CA50E2586838B00F0E7A2 /* NetworkMonitor.swift */; };
		0D2CA51525869BD400F0E7A2 /* AlertTools.swift in Sources */ = {isa = PBXBuildFile; fileRef = 0D2CA51425869BD400F0E7A2 /* AlertTools.swift */; };
		0D2CA51925869F4000F0E7A2 /* SourceTypeENUM.swift in Sources */ = {isa = PBXBuildFile; fileRef = 0D2CA51825869F4000F0E7A2 /* SourceTypeENUM.swift */; };
		0D2CA51D2586A3AD00F0E7A2 /* TransactionTableViewCell.swift in Sources */ = {isa = PBXBuildFile; fileRef = 0D2CA51C2586A3AD00F0E7A2 /* TransactionTableViewCell.swift */; };
		0D2CA5202586C3F500F0E7A2 /* CurrencyConversor.swift in Sources */ = {isa = PBXBuildFile; fileRef = 0D2CA51F2586C3F500F0E7A2 /* CurrencyConversor.swift */; };
		0D3C33952712065C00BE5E37 /* README.md in Resources */ = {isa = PBXBuildFile; fileRef = 0D3C33942712065C00BE5E37 /* README.md */; };
		0D3C33982712090500BE5E37 /* swiftgen.yml in Resources */ = {isa = PBXBuildFile; fileRef = 0D3C33972712090500BE5E37 /* swiftgen.yml */; };
		0D3C33A42713A00200BE5E37 /* TransactionDetail.storyboard in Resources */ = {isa = PBXBuildFile; fileRef = 0D3C33A62713A00200BE5E37 /* TransactionDetail.storyboard */; };
		0D3C33AB2713A83C00BE5E37 /* Localizable.strings in Resources */ = {isa = PBXBuildFile; fileRef = 0D3C33AD2713A83C00BE5E37 /* Localizable.strings */; };
		0D3C33B12713B7CC00BE5E37 /* Strings.swift in Sources */ = {isa = PBXBuildFile; fileRef = 0D3C33AF2713B7CC00BE5E37 /* Strings.swift */; };
		0D3C33B22713B7CC00BE5E37 /* Assets.swift in Sources */ = {isa = PBXBuildFile; fileRef = 0D3C33B02713B7CC00BE5E37 /* Assets.swift */; };
		0D3C33B42713B86400BE5E37 /* extension+String.swift in Sources */ = {isa = PBXBuildFile; fileRef = 0D3C33B32713B86400BE5E37 /* extension+String.swift */; };
		0D5F37F52583F1BA00AC50C4 /* IQKeyboardManagerSwift in Frameworks */ = {isa = PBXBuildFile; productRef = 0D5F37F42583F1BA00AC50C4 /* IQKeyboardManagerSwift */; };
		0D5F37FA25841E2900AC50C4 /* DataDecoder.swift in Sources */ = {isa = PBXBuildFile; fileRef = 0D5F37F925841E2900AC50C4 /* DataDecoder.swift */; };
		0D8AD76E258667ED00AD44EF /* CoreDataStack.swift in Sources */ = {isa = PBXBuildFile; fileRef = 0D8AD76D258667ED00AD44EF /* CoreDataStack.swift */; };
		0D8AD7722586685200AD44EF /* TransactionsDetailVC.swift in Sources */ = {isa = PBXBuildFile; fileRef = 0D8AD7712586685200AD44EF /* TransactionsDetailVC.swift */; };
		0D95D77925856B8D0066A892 /* DataLoader.swift in Sources */ = {isa = PBXBuildFile; fileRef = 0D95D77825856B8D0066A892 /* DataLoader.swift */; };
		0D95D78225858E7D0066A892 /* SKUModel+CoreDataClass.swift in Sources */ = {isa = PBXBuildFile; fileRef = 0D95D77E25858E7D0066A892 /* SKUModel+CoreDataClass.swift */; };
		0D95D78325858E7D0066A892 /* SKUModel+CoreDataProperties.swift in Sources */ = {isa = PBXBuildFile; fileRef = 0D95D77F25858E7D0066A892 /* SKUModel+CoreDataProperties.swift */; };
		0D95D78425858E7D0066A892 /* ConversionRateModel+CoreDataClass.swift in Sources */ = {isa = PBXBuildFile; fileRef = 0D95D78025858E7D0066A892 /* ConversionRateModel+CoreDataClass.swift */; };
		0D95D78525858E7D0066A892 /* ConversionRateModel+CoreDataProperties.swift in Sources */ = {isa = PBXBuildFile; fileRef = 0D95D78125858E7D0066A892 /* ConversionRateModel+CoreDataProperties.swift */; };
		0D95D78D2585A3EF0066A892 /* SKUTableViewCell.swift in Sources */ = {isa = PBXBuildFile; fileRef = 0D95D78C2585A3EF0066A892 /* SKUTableViewCell.swift */; };
		0DAB66E7257EE6ED00CFA95F /* AppDelegate.swift in Sources */ = {isa = PBXBuildFile; fileRef = 0DAB66E6257EE6ED00CFA95F /* AppDelegate.swift */; };
		0DAB66E9257EE6ED00CFA95F /* SceneDelegate.swift in Sources */ = {isa = PBXBuildFile; fileRef = 0DAB66E8257EE6ED00CFA95F /* SceneDelegate.swift */; };
		0DAB66EB257EE6ED00CFA95F /* SKUListVC.swift in Sources */ = {isa = PBXBuildFile; fileRef = 0DAB66EA257EE6ED00CFA95F /* SKUListVC.swift */; };
		0DAB66EE257EE6ED00CFA95F /* SKUList.storyboard in Resources */ = {isa = PBXBuildFile; fileRef = 0DAB66EC257EE6ED00CFA95F /* SKUList.storyboard */; };
		0DAB66F0257EE6EF00CFA95F /* Assets.xcassets in Resources */ = {isa = PBXBuildFile; fileRef = 0DAB66EF257EE6EF00CFA95F /* Assets.xcassets */; };
		0DAB66F3257EE6EF00CFA95F /* LaunchScreen.storyboard in Resources */ = {isa = PBXBuildFile; fileRef = 0DAB66F1257EE6EF00CFA95F /* LaunchScreen.storyboard */; };
		0DAB6701257EF40300CFA95F /* DataRetriever.swift in Sources */ = {isa = PBXBuildFile; fileRef = 0DAB6700257EF40300CFA95F /* DataRetriever.swift */; };
		0DC71E072586D27A00DBA615 /* Transaction.swift in Sources */ = {isa = PBXBuildFile; fileRef = 0DC71E062586D27A00DBA615 /* Transaction.swift */; };
		0DDD8C6F25850A51009827EE /* DataPersistence.xcdatamodeld in Sources */ = {isa = PBXBuildFile; fileRef = 0DDD8C6D25850A51009827EE /* DataPersistence.xcdatamodeld */; };
		E92B0491D3839A23D276F046 /* Pods_Goliath_National_Bank.framework in Frameworks */ = {isa = PBXBuildFile; fileRef = 23340BC8AA8C12ECA4109BB5 /* Pods_Goliath_National_Bank.framework */; };
/* End PBXBuildFile section */

/* Begin PBXFileReference section */
		0D2CA507258673AD00F0E7A2 /* RequestTypeENUM.swift */ = {isa = PBXFileReference; lastKnownFileType = sourcecode.swift; path = RequestTypeENUM.swift; sourceTree = "<group>"; };
		0D2CA50A258673F500F0E7A2 /* CurrencyENUM.swift */ = {isa = PBXFileReference; lastKnownFileType = sourcecode.swift; path = CurrencyENUM.swift; sourceTree = "<group>"; };
		0D2CA50E2586838B00F0E7A2 /* NetworkMonitor.swift */ = {isa = PBXFileReference; lastKnownFileType = sourcecode.swift; path = NetworkMonitor.swift; sourceTree = "<group>"; };
		0D2CA51425869BD400F0E7A2 /* AlertTools.swift */ = {isa = PBXFileReference; fileEncoding = 4; lastKnownFileType = sourcecode.swift; path = AlertTools.swift; sourceTree = "<group>"; };
		0D2CA51825869F4000F0E7A2 /* SourceTypeENUM.swift */ = {isa = PBXFileReference; lastKnownFileType = sourcecode.swift; path = SourceTypeENUM.swift; sourceTree = "<group>"; };
		0D2CA51C2586A3AD00F0E7A2 /* TransactionTableViewCell.swift */ = {isa = PBXFileReference; lastKnownFileType = sourcecode.swift; path = TransactionTableViewCell.swift; sourceTree = "<group>"; };
		0D2CA51F2586C3F500F0E7A2 /* CurrencyConversor.swift */ = {isa = PBXFileReference; lastKnownFileType = sourcecode.swift; path = CurrencyConversor.swift; sourceTree = "<group>"; };
		0D3C33942712065C00BE5E37 /* README.md */ = {isa = PBXFileReference; fileEncoding = 4; lastKnownFileType = net.daringfireball.markdown; path = README.md; sourceTree = SOURCE_ROOT; };
		0D3C33972712090500BE5E37 /* swiftgen.yml */ = {isa = PBXFileReference; lastKnownFileType = text.yaml; path = swiftgen.yml; sourceTree = "<group>"; };
		0D3C33A027139FD700BE5E37 /* es */ = {isa = PBXFileReference; lastKnownFileType = text.plist.strings; name = es; path = es.lproj/LaunchScreen.strings; sourceTree = "<group>"; };
		0D3C33A127139FD700BE5E37 /* es */ = {isa = PBXFileReference; lastKnownFileType = text.plist.strings; name = es; path = es.lproj/SKUList.strings; sourceTree = "<group>"; };
		0D3C33A327139FF000BE5E37 /* en */ = {isa = PBXFileReference; lastKnownFileType = text.plist.strings; name = en; path = en.lproj/SKUList.strings; sourceTree = "<group>"; };
		0D3C33A52713A00200BE5E37 /* Base */ = {isa = PBXFileReference; lastKnownFileType = file.storyboard; name = Base; path = Base.lproj/TransactionDetail.storyboard; sourceTree = "<group>"; };
		0D3C33A82713A00700BE5E37 /* en */ = {isa = PBXFileReference; lastKnownFileType = text.plist.strings; name = en; path = en.lproj/TransactionDetail.strings; sourceTree = "<group>"; };
		0D3C33AA2713A03600BE5E37 /* es */ = {isa = PBXFileReference; lastKnownFileType = text.plist.strings; name = es; path = es.lproj/TransactionDetail.strings; sourceTree = "<group>"; };
		0D3C33AC2713A83C00BE5E37 /* es */ = {isa = PBXFileReference; lastKnownFileType = text.plist.strings; name = es; path = es.lproj/Localizable.strings; sourceTree = "<group>"; };
		0D3C33AE2713A84000BE5E37 /* en */ = {isa = PBXFileReference; lastKnownFileType = text.plist.strings; name = en; path = en.lproj/Localizable.strings; sourceTree = "<group>"; };
		0D3C33AF2713B7CC00BE5E37 /* Strings.swift */ = {isa = PBXFileReference; fileEncoding = 4; lastKnownFileType = sourcecode.swift; path = Strings.swift; sourceTree = "<group>"; };
		0D3C33B02713B7CC00BE5E37 /* Assets.swift */ = {isa = PBXFileReference; fileEncoding = 4; lastKnownFileType = sourcecode.swift; path = Assets.swift; sourceTree = "<group>"; };
		0D3C33B32713B86400BE5E37 /* extension+String.swift */ = {isa = PBXFileReference; lastKnownFileType = sourcecode.swift; path = "extension+String.swift"; sourceTree = "<group>"; };
		0D5F37F925841E2900AC50C4 /* DataDecoder.swift */ = {isa = PBXFileReference; lastKnownFileType = sourcecode.swift; path = DataDecoder.swift; sourceTree = "<group>"; };
		0D8AD76D258667ED00AD44EF /* CoreDataStack.swift */ = {isa = PBXFileReference; fileEncoding = 4; lastKnownFileType = sourcecode.swift; path = CoreDataStack.swift; sourceTree = "<group>"; };
		0D8AD7712586685200AD44EF /* TransactionsDetailVC.swift */ = {isa = PBXFileReference; lastKnownFileType = sourcecode.swift; path = TransactionsDetailVC.swift; sourceTree = "<group>"; };
		0D95D77825856B8D0066A892 /* DataLoader.swift */ = {isa = PBXFileReference; lastKnownFileType = sourcecode.swift; path = DataLoader.swift; sourceTree = "<group>"; };
		0D95D77E25858E7D0066A892 /* SKUModel+CoreDataClass.swift */ = {isa = PBXFileReference; lastKnownFileType = sourcecode.swift; path = "SKUModel+CoreDataClass.swift"; sourceTree = "<group>"; };
		0D95D77F25858E7D0066A892 /* SKUModel+CoreDataProperties.swift */ = {isa = PBXFileReference; lastKnownFileType = sourcecode.swift; path = "SKUModel+CoreDataProperties.swift"; sourceTree = "<group>"; };
		0D95D78025858E7D0066A892 /* ConversionRateModel+CoreDataClass.swift */ = {isa = PBXFileReference; lastKnownFileType = sourcecode.swift; path = "ConversionRateModel+CoreDataClass.swift"; sourceTree = "<group>"; };
		0D95D78125858E7D0066A892 /* ConversionRateModel+CoreDataProperties.swift */ = {isa = PBXFileReference; lastKnownFileType = sourcecode.swift; path = "ConversionRateModel+CoreDataProperties.swift"; sourceTree = "<group>"; };
		0D95D78C2585A3EF0066A892 /* SKUTableViewCell.swift */ = {isa = PBXFileReference; lastKnownFileType = sourcecode.swift; path = SKUTableViewCell.swift; sourceTree = "<group>"; };
		0DAB66E3257EE6ED00CFA95F /* GNB.app */ = {isa = PBXFileReference; explicitFileType = wrapper.application; includeInIndex = 0; path = GNB.app; sourceTree = BUILT_PRODUCTS_DIR; };
		0DAB66E6257EE6ED00CFA95F /* AppDelegate.swift */ = {isa = PBXFileReference; lastKnownFileType = sourcecode.swift; path = AppDelegate.swift; sourceTree = "<group>"; };
		0DAB66E8257EE6ED00CFA95F /* SceneDelegate.swift */ = {isa = PBXFileReference; lastKnownFileType = sourcecode.swift; path = SceneDelegate.swift; sourceTree = "<group>"; };
		0DAB66EA257EE6ED00CFA95F /* SKUListVC.swift */ = {isa = PBXFileReference; lastKnownFileType = sourcecode.swift; path = SKUListVC.swift; sourceTree = "<group>"; };
		0DAB66ED257EE6ED00CFA95F /* Base */ = {isa = PBXFileReference; lastKnownFileType = file.storyboard; name = Base; path = Base.lproj/SKUList.storyboard; sourceTree = "<group>"; };
		0DAB66EF257EE6EF00CFA95F /* Assets.xcassets */ = {isa = PBXFileReference; lastKnownFileType = folder.assetcatalog; path = Assets.xcassets; sourceTree = "<group>"; };
		0DAB66F2257EE6EF00CFA95F /* Base */ = {isa = PBXFileReference; lastKnownFileType = file.storyboard; name = Base; path = Base.lproj/LaunchScreen.storyboard; sourceTree = "<group>"; };
		0DAB66F4257EE6EF00CFA95F /* Info.plist */ = {isa = PBXFileReference; lastKnownFileType = text.plist.xml; path = Info.plist; sourceTree = "<group>"; };
		0DAB6700257EF40300CFA95F /* DataRetriever.swift */ = {isa = PBXFileReference; lastKnownFileType = sourcecode.swift; path = DataRetriever.swift; sourceTree = "<group>"; };
		0DC71E062586D27A00DBA615 /* Transaction.swift */ = {isa = PBXFileReference; lastKnownFileType = sourcecode.swift; path = Transaction.swift; sourceTree = "<group>"; };
		0DDD8C6E25850A51009827EE /* DataPersistence.xcdatamodel */ = {isa = PBXFileReference; lastKnownFileType = wrapper.xcdatamodel; path = DataPersistence.xcdatamodel; sourceTree = "<group>"; };
		23340BC8AA8C12ECA4109BB5 /* Pods_Goliath_National_Bank.framework */ = {isa = PBXFileReference; explicitFileType = wrapper.framework; includeInIndex = 0; path = Pods_Goliath_National_Bank.framework; sourceTree = BUILT_PRODUCTS_DIR; };
		2932AB8DA4B80893FD908CB4 /* Pods-Goliath National Bank.release.xcconfig */ = {isa = PBXFileReference; includeInIndex = 1; lastKnownFileType = text.xcconfig; name = "Pods-Goliath National Bank.release.xcconfig"; path = "Target Support Files/Pods-Goliath National Bank/Pods-Goliath National Bank.release.xcconfig"; sourceTree = "<group>"; };
		DFCEAFAAFD55FFCBCED0BD82 /* Pods-Goliath National Bank.debug.xcconfig */ = {isa = PBXFileReference; includeInIndex = 1; lastKnownFileType = text.xcconfig; name = "Pods-Goliath National Bank.debug.xcconfig"; path = "Target Support Files/Pods-Goliath National Bank/Pods-Goliath National Bank.debug.xcconfig"; sourceTree = "<group>"; };
/* End PBXFileReference section */

/* Begin PBXFrameworksBuildPhase section */
		0DAB66E0257EE6ED00CFA95F /* Frameworks */ = {
			isa = PBXFrameworksBuildPhase;
			buildActionMask = 2147483647;
			files = (
				0D5F37F52583F1BA00AC50C4 /* IQKeyboardManagerSwift in Frameworks */,
				E92B0491D3839A23D276F046 /* Pods_Goliath_National_Bank.framework in Frameworks */,
			);
			runOnlyForDeploymentPostprocessing = 0;
		};
/* End PBXFrameworksBuildPhase section */

/* Begin PBXGroup section */
		0D2CA5222586C65700F0E7A2 /* Enums */ = {
			isa = PBXGroup;
			children = (
				0D2CA507258673AD00F0E7A2 /* RequestTypeENUM.swift */,
				0D2CA50A258673F500F0E7A2 /* CurrencyENUM.swift */,
				0D2CA51825869F4000F0E7A2 /* SourceTypeENUM.swift */,
			);
			path = Enums;
			sourceTree = "<group>";
		};
		0D3C3396271207F800BE5E37 /* Resources */ = {
			isa = PBXGroup;
			children = (
				0D3C33AD2713A83C00BE5E37 /* Localizable.strings */,
				0DAB66EF257EE6EF00CFA95F /* Assets.xcassets */,
			);
			path = Resources;
			sourceTree = "<group>";
		};
		0D3C3399271209BF00BE5E37 /* SwiftGen */ = {
			isa = PBXGroup;
			children = (
				0D3C33B02713B7CC00BE5E37 /* Assets.swift */,
				0D3C33AF2713B7CC00BE5E37 /* Strings.swift */,
			);
			path = SwiftGen;
			sourceTree = "<group>";
		};
		0D3C33B52713B86900BE5E37 /* Extensions */ = {
			isa = PBXGroup;
			children = (
				0D3C33B32713B86400BE5E37 /* extension+String.swift */,
			);
			path = Extensions;
			sourceTree = "<group>";
		};
		0D3C33B62713B87B00BE5E37 /* Models */ = {
			isa = PBXGroup;
			children = (
				0DC71E062586D27A00DBA615 /* Transaction.swift */,
				0D95D79C258667670066A892 /* ConversionRateModel */,
				0D95D79A258667570066A892 /* SKUModel */,
			);
			path = Models;
			sourceTree = "<group>";
		};
		0D8AD77D25866CCB00AD44EF /* SKUListScreen */ = {
			isa = PBXGroup;
			children = (
				0DAB66EA257EE6ED00CFA95F /* SKUListVC.swift */,
				0D95D78C2585A3EF0066A892 /* SKUTableViewCell.swift */,
				0DAB66EC257EE6ED00CFA95F /* SKUList.storyboard */,
			);
			path = SKUListScreen;
			sourceTree = "<group>";
		};
		0D8AD77E25866CE300AD44EF /* TransactionListScreen */ = {
			isa = PBXGroup;
			children = (
				0D8AD7712586685200AD44EF /* TransactionsDetailVC.swift */,
				0D2CA51C2586A3AD00F0E7A2 /* TransactionTableViewCell.swift */,
				0D3C33A62713A00200BE5E37 /* TransactionDetail.storyboard */,
			);
			path = TransactionListScreen;
			sourceTree = "<group>";
		};
		0D8AD78225866D5400AD44EF /* ApplicationLifeCycle */ = {
			isa = PBXGroup;
			children = (
				0DAB66F1257EE6EF00CFA95F /* LaunchScreen.storyboard */,
				0DAB66E6257EE6ED00CFA95F /* AppDelegate.swift */,
				0DAB66E8257EE6ED00CFA95F /* SceneDelegate.swift */,
			);
			path = ApplicationLifeCycle;
			sourceTree = "<group>";
		};
		0D95D79A258667570066A892 /* SKUModel */ = {
			isa = PBXGroup;
			children = (
				0D95D77E25858E7D0066A892 /* SKUModel+CoreDataClass.swift */,
				0D95D77F25858E7D0066A892 /* SKUModel+CoreDataProperties.swift */,
			);
			path = SKUModel;
			sourceTree = "<group>";
		};
		0D95D79C258667670066A892 /* ConversionRateModel */ = {
			isa = PBXGroup;
			children = (
				0D95D78025858E7D0066A892 /* ConversionRateModel+CoreDataClass.swift */,
				0D95D78125858E7D0066A892 /* ConversionRateModel+CoreDataProperties.swift */,
			);
			path = ConversionRateModel;
			sourceTree = "<group>";
		};
		0D95D79E258667820066A892 /* DataPersistence */ = {
			isa = PBXGroup;
			children = (
				0D8AD76D258667ED00AD44EF /* CoreDataStack.swift */,
				0DDD8C6D25850A51009827EE /* DataPersistence.xcdatamodeld */,
			);
			path = DataPersistence;
			sourceTree = "<group>";
		};
		0DAB66DA257EE6ED00CFA95F = {
			isa = PBXGroup;
			children = (
				0D3C33972712090500BE5E37 /* swiftgen.yml */,
				0DAB66E5257EE6ED00CFA95F /* GoliathNationalBank */,
				0DAB66E4257EE6ED00CFA95F /* Products */,
				558AE81E13EDB522650F8297 /* Pods */,
				801BAC0F35E4C3734E7D9237 /* Frameworks */,
			);
			sourceTree = "<group>";
		};
		0DAB66E4257EE6ED00CFA95F /* Products */ = {
			isa = PBXGroup;
			children = (
				0DAB66E3257EE6ED00CFA95F /* GNB.app */,
			);
			name = Products;
			sourceTree = "<group>";
		};
		0DAB66E5257EE6ED00CFA95F /* GoliathNationalBank */ = {
			isa = PBXGroup;
			children = (
				0D3C33942712065C00BE5E37 /* README.md */,
				0DAB66F4257EE6EF00CFA95F /* Info.plist */,
				0D8AD78225866D5400AD44EF /* ApplicationLifeCycle */,
				0D3C3399271209BF00BE5E37 /* SwiftGen */,
				0DAB66FE257EF3D400CFA95F /* Common */,
				0D8AD77D25866CCB00AD44EF /* SKUListScreen */,
				0D8AD77E25866CE300AD44EF /* TransactionListScreen */,
				0D3C3396271207F800BE5E37 /* Resources */,
			);
			path = GoliathNationalBank;
			sourceTree = "<group>";
		};
		0DAB66FB257EF3B800CFA95F /* Utils */ = {
			isa = PBXGroup;
			children = (
				0D2CA50E2586838B00F0E7A2 /* NetworkMonitor.swift */,
				0D2CA51F2586C3F500F0E7A2 /* CurrencyConversor.swift */,
				0D2CA51425869BD400F0E7A2 /* AlertTools.swift */,
			);
			path = Utils;
			sourceTree = "<group>";
		};
		0DAB66FE257EF3D400CFA95F /* Common */ = {
			isa = PBXGroup;
			children = (
				0D3C33B62713B87B00BE5E37 /* Models */,
				0D3C33B52713B86900BE5E37 /* Extensions */,
				0DAB66FB257EF3B800CFA95F /* Utils */,
				0D2CA5222586C65700F0E7A2 /* Enums */,
				0DAB66FF257EF3EA00CFA95F /* API */,
				0D95D79E258667820066A892 /* DataPersistence */,
				0DDD8C7125850A5A009827EE /* DataFlow */,
			);
			path = Common;
			sourceTree = "<group>";
		};
		0DAB66FF257EF3EA00CFA95F /* API */ = {
			isa = PBXGroup;
			children = (
				0DAB6700257EF40300CFA95F /* DataRetriever.swift */,
			);
			path = API;
			sourceTree = "<group>";
		};
		0DDD8C7125850A5A009827EE /* DataFlow */ = {
			isa = PBXGroup;
			children = (
				0D5F37F925841E2900AC50C4 /* DataDecoder.swift */,
				0D95D77825856B8D0066A892 /* DataLoader.swift */,
			);
			path = DataFlow;
			sourceTree = "<group>";
		};
		558AE81E13EDB522650F8297 /* Pods */ = {
			isa = PBXGroup;
			children = (
				DFCEAFAAFD55FFCBCED0BD82 /* Pods-Goliath National Bank.debug.xcconfig */,
				2932AB8DA4B80893FD908CB4 /* Pods-Goliath National Bank.release.xcconfig */,
			);
			path = Pods;
			sourceTree = "<group>";
		};
		801BAC0F35E4C3734E7D9237 /* Frameworks */ = {
			isa = PBXGroup;
			children = (
				23340BC8AA8C12ECA4109BB5 /* Pods_Goliath_National_Bank.framework */,
			);
			name = Frameworks;
			sourceTree = "<group>";
		};
/* End PBXGroup section */

/* Begin PBXNativeTarget section */
		0DAB66E2257EE6ED00CFA95F /* Goliath National Bank */ = {
			isa = PBXNativeTarget;
			buildConfigurationList = 0DAB66F7257EE6EF00CFA95F /* Build configuration list for PBXNativeTarget "Goliath National Bank" */;
			buildPhases = (
				2BE956989FB28A093679B1B9 /* [CP] Check Pods Manifest.lock */,
				0D3C33B72713BA5500BE5E37 /* SwiftGen */,
				0DAB66DF257EE6ED00CFA95F /* Sources */,
				0DAB66E0257EE6ED00CFA95F /* Frameworks */,
				0DAB66E1257EE6ED00CFA95F /* Resources */,
			);
			buildRules = (
			);
			dependencies = (
			);
			name = "Goliath National Bank";
			packageProductDependencies = (
				0D5F37F42583F1BA00AC50C4 /* IQKeyboardManagerSwift */,
			);
			productName = "Goliath National Bank";
			productReference = 0DAB66E3257EE6ED00CFA95F /* GNB.app */;
			productType = "com.apple.product-type.application";
		};
/* End PBXNativeTarget section */

/* Begin PBXProject section */
		0DAB66DB257EE6ED00CFA95F /* Project object */ = {
			isa = PBXProject;
			attributes = {
				BuildIndependentTargetsInParallel = YES;
				LastSwiftUpdateCheck = 1220;
				LastUpgradeCheck = 1220;
				TargetAttributes = {
					0DAB66E2257EE6ED00CFA95F = {
						CreatedOnToolsVersion = 12.2;
					};
				};
			};
			buildConfigurationList = 0DAB66DE257EE6ED00CFA95F /* Build configuration list for PBXProject "Goliath National Bank" */;
			compatibilityVersion = "Xcode 9.3";
			developmentRegion = en;
			hasScannedForEncodings = 0;
			knownRegions = (
				en,
				Base,
				es,
			);
			mainGroup = 0DAB66DA257EE6ED00CFA95F;
			packageReferences = (
				0D5F37F32583F1BA00AC50C4 /* XCRemoteSwiftPackageReference "IQKeyboardManager" */,
			);
			productRefGroup = 0DAB66E4257EE6ED00CFA95F /* Products */;
			projectDirPath = "";
			projectRoot = "";
			targets = (
				0DAB66E2257EE6ED00CFA95F /* Goliath National Bank */,
			);
		};
/* End PBXProject section */

/* Begin PBXResourcesBuildPhase section */
		0DAB66E1257EE6ED00CFA95F /* Resources */ = {
			isa = PBXResourcesBuildPhase;
			buildActionMask = 2147483647;
			files = (
				0D3C33952712065C00BE5E37 /* README.md in Resources */,
				0DAB66F3257EE6EF00CFA95F /* LaunchScreen.storyboard in Resources */,
				0DAB66F0257EE6EF00CFA95F /* Assets.xcassets in Resources */,
				0D3C33AB2713A83C00BE5E37 /* Localizable.strings in Resources */,
				0DAB66EE257EE6ED00CFA95F /* SKUList.storyboard in Resources */,
				0D3C33A42713A00200BE5E37 /* TransactionDetail.storyboard in Resources */,
				0D3C33982712090500BE5E37 /* swiftgen.yml in Resources */,
			);
			runOnlyForDeploymentPostprocessing = 0;
		};
/* End PBXResourcesBuildPhase section */

/* Begin PBXShellScriptBuildPhase section */
		0D3C33B72713BA5500BE5E37 /* SwiftGen */ = {
			isa = PBXShellScriptBuildPhase;
			buildActionMask = 2147483647;
			files = (
			);
			inputFileListPaths = (
			);
			inputPaths = (
			);
			name = SwiftGen;
			outputFileListPaths = (
			);
			outputPaths = (
			);
			runOnlyForDeploymentPostprocessing = 0;
			shellPath = /bin/sh;
			shellScript = "# Type a script or drag a script file from your workspace to insert its path.\n${PODS_ROOT}/SwiftGen/bin/swiftgen\n";
		};
		2BE956989FB28A093679B1B9 /* [CP] Check Pods Manifest.lock */ = {
			isa = PBXShellScriptBuildPhase;
			buildActionMask = 2147483647;
			files = (
			);
			inputFileListPaths = (
			);
			inputPaths = (
				"${PODS_PODFILE_DIR_PATH}/Podfile.lock",
				"${PODS_ROOT}/Manifest.lock",
			);
			name = "[CP] Check Pods Manifest.lock";
			outputFileListPaths = (
			);
			outputPaths = (
				"$(DERIVED_FILE_DIR)/Pods-Goliath National Bank-checkManifestLockResult.txt",
			);
			runOnlyForDeploymentPostprocessing = 0;
			shellPath = /bin/sh;
			shellScript = "diff \"${PODS_PODFILE_DIR_PATH}/Podfile.lock\" \"${PODS_ROOT}/Manifest.lock\" > /dev/null\nif [ $? != 0 ] ; then\n    # print error to STDERR\n    echo \"error: The sandbox is not in sync with the Podfile.lock. Run 'pod install' or update your CocoaPods installation.\" >&2\n    exit 1\nfi\n# This output is used by Xcode 'outputs' to avoid re-running this script phase.\necho \"SUCCESS\" > \"${SCRIPT_OUTPUT_FILE_0}\"\n";
			showEnvVarsInLog = 0;
		};
/* End PBXShellScriptBuildPhase section */

/* Begin PBXSourcesBuildPhase section */
		0DAB66DF257EE6ED00CFA95F /* Sources */ = {
			isa = PBXSourcesBuildPhase;
			buildActionMask = 2147483647;
			files = (
				0DC71E072586D27A00DBA615 /* Transaction.swift in Sources */,
				0DAB6701257EF40300CFA95F /* DataRetriever.swift in Sources */,
				0D3C33B22713B7CC00BE5E37 /* Assets.swift in Sources */,
				0DDD8C6F25850A51009827EE /* DataPersistence.xcdatamodeld in Sources */,
				0D5F37FA25841E2900AC50C4 /* DataDecoder.swift in Sources */,
				0DAB66EB257EE6ED00CFA95F /* SKUListVC.swift in Sources */,
				0D8AD7722586685200AD44EF /* TransactionsDetailVC.swift in Sources */,
				0D95D78425858E7D0066A892 /* ConversionRateModel+CoreDataClass.swift in Sources */,
				0D2CA51D2586A3AD00F0E7A2 /* TransactionTableViewCell.swift in Sources */,
				0D2CA51525869BD400F0E7A2 /* AlertTools.swift in Sources */,
				0D95D78D2585A3EF0066A892 /* SKUTableViewCell.swift in Sources */,
				0D2CA50B258673F500F0E7A2 /* CurrencyENUM.swift in Sources */,
				0D2CA50F2586838B00F0E7A2 /* NetworkMonitor.swift in Sources */,
				0D2CA508258673AD00F0E7A2 /* RequestTypeENUM.swift in Sources */,
				0D8AD76E258667ED00AD44EF /* CoreDataStack.swift in Sources */,
				0D2CA5202586C3F500F0E7A2 /* CurrencyConversor.swift in Sources */,
				0DAB66E7257EE6ED00CFA95F /* AppDelegate.swift in Sources */,
				0D2CA51925869F4000F0E7A2 /* SourceTypeENUM.swift in Sources */,
				0DAB66E9257EE6ED00CFA95F /* SceneDelegate.swift in Sources */,
				0D95D78325858E7D0066A892 /* SKUModel+CoreDataProperties.swift in Sources */,
				0D95D78525858E7D0066A892 /* ConversionRateModel+CoreDataProperties.swift in Sources */,
				0D95D77925856B8D0066A892 /* DataLoader.swift in Sources */,
				0D95D78225858E7D0066A892 /* SKUModel+CoreDataClass.swift in Sources */,
				0D3C33B42713B86400BE5E37 /* extension+String.swift in Sources */,
				0D3C33B12713B7CC00BE5E37 /* Strings.swift in Sources */,
			);
			runOnlyForDeploymentPostprocessing = 0;
		};
/* End PBXSourcesBuildPhase section */

/* Begin PBXVariantGroup section */
		0D3C33A62713A00200BE5E37 /* TransactionDetail.storyboard */ = {
			isa = PBXVariantGroup;
			children = (
				0D3C33A52713A00200BE5E37 /* Base */,
				0D3C33A82713A00700BE5E37 /* en */,
				0D3C33AA2713A03600BE5E37 /* es */,
			);
			name = TransactionDetail.storyboard;
			sourceTree = "<group>";
		};
		0D3C33AD2713A83C00BE5E37 /* Localizable.strings */ = {
			isa = PBXVariantGroup;
			children = (
				0D3C33AC2713A83C00BE5E37 /* es */,
				0D3C33AE2713A84000BE5E37 /* en */,
			);
			name = Localizable.strings;
			sourceTree = "<group>";
		};
		0DAB66EC257EE6ED00CFA95F /* SKUList.storyboard */ = {
			isa = PBXVariantGroup;
			children = (
				0DAB66ED257EE6ED00CFA95F /* Base */,
				0D3C33A127139FD700BE5E37 /* es */,
				0D3C33A327139FF000BE5E37 /* en */,
			);
			name = SKUList.storyboard;
			sourceTree = "<group>";
		};
		0DAB66F1257EE6EF00CFA95F /* LaunchScreen.storyboard */ = {
			isa = PBXVariantGroup;
			children = (
				0DAB66F2257EE6EF00CFA95F /* Base */,
				0D3C33A027139FD700BE5E37 /* es */,
			);
			name = LaunchScreen.storyboard;
			sourceTree = "<group>";
		};
/* End PBXVariantGroup section */

/* Begin XCBuildConfiguration section */
		0DAB66F5257EE6EF00CFA95F /* Debug */ = {
			isa = XCBuildConfiguration;
			buildSettings = {
				ALWAYS_SEARCH_USER_PATHS = NO;
				CLANG_ANALYZER_LOCALIZABILITY_NONLOCALIZED = YES;
				CLANG_ANALYZER_NONNULL = YES;
				CLANG_ANALYZER_NUMBER_OBJECT_CONVERSION = YES_AGGRESSIVE;
				CLANG_CXX_LANGUAGE_STANDARD = "gnu++14";
				CLANG_CXX_LIBRARY = "libc++";
				CLANG_ENABLE_MODULES = YES;
				CLANG_ENABLE_OBJC_ARC = YES;
				CLANG_ENABLE_OBJC_WEAK = YES;
				CLANG_WARN_BLOCK_CAPTURE_AUTORELEASING = YES;
				CLANG_WARN_BOOL_CONVERSION = YES;
				CLANG_WARN_COMMA = YES;
				CLANG_WARN_CONSTANT_CONVERSION = YES;
				CLANG_WARN_DEPRECATED_OBJC_IMPLEMENTATIONS = YES;
				CLANG_WARN_DIRECT_OBJC_ISA_USAGE = YES_ERROR;
				CLANG_WARN_DOCUMENTATION_COMMENTS = YES;
				CLANG_WARN_EMPTY_BODY = YES;
				CLANG_WARN_ENUM_CONVERSION = YES;
				CLANG_WARN_INFINITE_RECURSION = YES;
				CLANG_WARN_INT_CONVERSION = YES;
				CLANG_WARN_NON_LITERAL_NULL_CONVERSION = YES;
				CLANG_WARN_OBJC_IMPLICIT_RETAIN_SELF = YES;
				CLANG_WARN_OBJC_LITERAL_CONVERSION = YES;
				CLANG_WARN_OBJC_ROOT_CLASS = YES_ERROR;
				CLANG_WARN_QUOTED_INCLUDE_IN_FRAMEWORK_HEADER = YES;
				CLANG_WARN_RANGE_LOOP_ANALYSIS = YES;
				CLANG_WARN_STRICT_PROTOTYPES = YES;
				CLANG_WARN_SUSPICIOUS_MOVE = YES;
				CLANG_WARN_UNGUARDED_AVAILABILITY = YES_AGGRESSIVE;
				CLANG_WARN_UNREACHABLE_CODE = YES;
				CLANG_WARN__DUPLICATE_METHOD_MATCH = YES;
				COPY_PHASE_STRIP = NO;
				DEBUG_INFORMATION_FORMAT = dwarf;
				ENABLE_STRICT_OBJC_MSGSEND = YES;
				ENABLE_TESTABILITY = YES;
				GCC_C_LANGUAGE_STANDARD = gnu11;
				GCC_DYNAMIC_NO_PIC = NO;
				GCC_NO_COMMON_BLOCKS = YES;
				GCC_OPTIMIZATION_LEVEL = 0;
				GCC_PREPROCESSOR_DEFINITIONS = (
					"DEBUG=1",
					"$(inherited)",
				);
				GCC_WARN_64_TO_32_BIT_CONVERSION = YES;
				GCC_WARN_ABOUT_RETURN_TYPE = YES_ERROR;
				GCC_WARN_UNDECLARED_SELECTOR = YES;
				GCC_WARN_UNINITIALIZED_AUTOS = YES_AGGRESSIVE;
				GCC_WARN_UNUSED_FUNCTION = YES;
				GCC_WARN_UNUSED_VARIABLE = YES;
				IPHONEOS_DEPLOYMENT_TARGET = 13.0;
				MTL_ENABLE_DEBUG_INFO = INCLUDE_SOURCE;
				MTL_FAST_MATH = YES;
				ONLY_ACTIVE_ARCH = YES;
				SDKROOT = iphoneos;
				SWIFT_ACTIVE_COMPILATION_CONDITIONS = DEBUG;
				SWIFT_OPTIMIZATION_LEVEL = "-Onone";
			};
			name = Debug;
		};
		0DAB66F6257EE6EF00CFA95F /* Release */ = {
			isa = XCBuildConfiguration;
			buildSettings = {
				ALWAYS_SEARCH_USER_PATHS = NO;
				CLANG_ANALYZER_LOCALIZABILITY_NONLOCALIZED = YES;
				CLANG_ANALYZER_NONNULL = YES;
				CLANG_ANALYZER_NUMBER_OBJECT_CONVERSION = YES_AGGRESSIVE;
				CLANG_CXX_LANGUAGE_STANDARD = "gnu++14";
				CLANG_CXX_LIBRARY = "libc++";
				CLANG_ENABLE_MODULES = YES;
				CLANG_ENABLE_OBJC_ARC = YES;
				CLANG_ENABLE_OBJC_WEAK = YES;
				CLANG_WARN_BLOCK_CAPTURE_AUTORELEASING = YES;
				CLANG_WARN_BOOL_CONVERSION = YES;
				CLANG_WARN_COMMA = YES;
				CLANG_WARN_CONSTANT_CONVERSION = YES;
				CLANG_WARN_DEPRECATED_OBJC_IMPLEMENTATIONS = YES;
				CLANG_WARN_DIRECT_OBJC_ISA_USAGE = YES_ERROR;
				CLANG_WARN_DOCUMENTATION_COMMENTS = YES;
				CLANG_WARN_EMPTY_BODY = YES;
				CLANG_WARN_ENUM_CONVERSION = YES;
				CLANG_WARN_INFINITE_RECURSION = YES;
				CLANG_WARN_INT_CONVERSION = YES;
				CLANG_WARN_NON_LITERAL_NULL_CONVERSION = YES;
				CLANG_WARN_OBJC_IMPLICIT_RETAIN_SELF = YES;
				CLANG_WARN_OBJC_LITERAL_CONVERSION = YES;
				CLANG_WARN_OBJC_ROOT_CLASS = YES_ERROR;
				CLANG_WARN_QUOTED_INCLUDE_IN_FRAMEWORK_HEADER = YES;
				CLANG_WARN_RANGE_LOOP_ANALYSIS = YES;
				CLANG_WARN_STRICT_PROTOTYPES = YES;
				CLANG_WARN_SUSPICIOUS_MOVE = YES;
				CLANG_WARN_UNGUARDED_AVAILABILITY = YES_AGGRESSIVE;
				CLANG_WARN_UNREACHABLE_CODE = YES;
				CLANG_WARN__DUPLICATE_METHOD_MATCH = YES;
				COPY_PHASE_STRIP = NO;
				DEBUG_INFORMATION_FORMAT = "dwarf-with-dsym";
				ENABLE_NS_ASSERTIONS = NO;
				ENABLE_STRICT_OBJC_MSGSEND = YES;
				GCC_C_LANGUAGE_STANDARD = gnu11;
				GCC_NO_COMMON_BLOCKS = YES;
				GCC_WARN_64_TO_32_BIT_CONVERSION = YES;
				GCC_WARN_ABOUT_RETURN_TYPE = YES_ERROR;
				GCC_WARN_UNDECLARED_SELECTOR = YES;
				GCC_WARN_UNINITIALIZED_AUTOS = YES_AGGRESSIVE;
				GCC_WARN_UNUSED_FUNCTION = YES;
				GCC_WARN_UNUSED_VARIABLE = YES;
				IPHONEOS_DEPLOYMENT_TARGET = 13.0;
				MTL_ENABLE_DEBUG_INFO = NO;
				MTL_FAST_MATH = YES;
				ONLY_ACTIVE_ARCH = YES;
				SDKROOT = iphoneos;
				SWIFT_COMPILATION_MODE = wholemodule;
				SWIFT_OPTIMIZATION_LEVEL = "-O";
				VALIDATE_PRODUCT = YES;
			};
			name = Release;
		};
		0DAB66F8257EE6EF00CFA95F /* Debug */ = {
			isa = XCBuildConfiguration;
			baseConfigurationReference = DFCEAFAAFD55FFCBCED0BD82 /* Pods-Goliath National Bank.debug.xcconfig */;
			buildSettings = {
				ASSETCATALOG_COMPILER_APPICON_NAME = AppIcon;
				ASSETCATALOG_COMPILER_GLOBAL_ACCENT_COLOR_NAME = AccentColor;
				CODE_SIGN_STYLE = Automatic;
				DEVELOPMENT_TEAM = 3KF59NP775;
				INFOPLIST_FILE = GoliathNationalBank/Info.plist;
				LD_RUNPATH_SEARCH_PATHS = (
					"$(inherited)",
					"@executable_path/Frameworks",
				);
				PRODUCT_BUNDLE_IDENTIFIER = "com.JuanColilla.Goliath-National-Bank";
				PRODUCT_NAME = GNB;
				SWIFT_VERSION = 5.0;
				TARGETED_DEVICE_FAMILY = 1;
			};
			name = Debug;
		};
		0DAB66F9257EE6EF00CFA95F /* Release */ = {
			isa = XCBuildConfiguration;
			baseConfigurationReference = 2932AB8DA4B80893FD908CB4 /* Pods-Goliath National Bank.release.xcconfig */;
			buildSettings = {
				ASSETCATALOG_COMPILER_APPICON_NAME = AppIcon;
				ASSETCATALOG_COMPILER_GLOBAL_ACCENT_COLOR_NAME = AccentColor;
				CODE_SIGN_STYLE = Automatic;
				DEVELOPMENT_TEAM = 3KF59NP775;
				INFOPLIST_FILE = GoliathNationalBank/Info.plist;
				LD_RUNPATH_SEARCH_PATHS = (
					"$(inherited)",
					"@executable_path/Frameworks",
				);
				PRODUCT_BUNDLE_IDENTIFIER = "com.JuanColilla.Goliath-National-Bank";
				PRODUCT_NAME = GNB;
				SWIFT_VERSION = 5.0;
				TARGETED_DEVICE_FAMILY = 1;
			};
			name = Release;
		};
/* End XCBuildConfiguration section */

/* Begin XCConfigurationList section */
		0DAB66DE257EE6ED00CFA95F /* Build configuration list for PBXProject "Goliath National Bank" */ = {
			isa = XCConfigurationList;
			buildConfigurations = (
				0DAB66F5257EE6EF00CFA95F /* Debug */,
				0DAB66F6257EE6EF00CFA95F /* Release */,
			);
			defaultConfigurationIsVisible = 0;
			defaultConfigurationName = Release;
		};
		0DAB66F7257EE6EF00CFA95F /* Build configuration list for PBXNativeTarget "Goliath National Bank" */ = {
			isa = XCConfigurationList;
			buildConfigurations = (
				0DAB66F8257EE6EF00CFA95F /* Debug */,
				0DAB66F9257EE6EF00CFA95F /* Release */,
			);
			defaultConfigurationIsVisible = 0;
			defaultConfigurationName = Release;
		};
/* End XCConfigurationList section */

/* Begin XCRemoteSwiftPackageReference section */
		0D5F37F32583F1BA00AC50C4 /* XCRemoteSwiftPackageReference "IQKeyboardManager" */ = {
			isa = XCRemoteSwiftPackageReference;
			repositoryURL = "https://github.com/hackiftekhar/IQKeyboardManager.git";
			requirement = {
				kind = upToNextMajorVersion;
				minimumVersion = 6.5.6;
			};
		};
/* End XCRemoteSwiftPackageReference section */

/* Begin XCSwiftPackageProductDependency section */
		0D5F37F42583F1BA00AC50C4 /* IQKeyboardManagerSwift */ = {
			isa = XCSwiftPackageProductDependency;
			package = 0D5F37F32583F1BA00AC50C4 /* XCRemoteSwiftPackageReference "IQKeyboardManager" */;
			productName = IQKeyboardManagerSwift;
		};
/* End XCSwiftPackageProductDependency section */

/* Begin XCVersionGroup section */
		0DDD8C6D25850A51009827EE /* DataPersistence.xcdatamodeld */ = {
			isa = XCVersionGroup;
			children = (
				0DDD8C6E25850A51009827EE /* DataPersistence.xcdatamodel */,
			);
			currentVersion = 0DDD8C6E25850A51009827EE /* DataPersistence.xcdatamodel */;
			path = DataPersistence.xcdatamodeld;
			sourceTree = "<group>";
			versionGroupType = wrapper.xcdatamodel;
		};
/* End XCVersionGroup section */
	};
	rootObject = 0DAB66DB257EE6ED00CFA95F /* Project object */;
}
